// !$*UTF8*$!
{
	archiveVersion = 1;
	classes = {
	};
	objectVersion = 56;
	objects = {

/* Begin PBXBuildFile section */
		3BCCE4972B57B6E10000803B /* DocumentTableViewController.swift in Sources */ = {isa = PBXBuildFile; fileRef = 3BCCE4962B57B6E10000803B /* DocumentTableViewController.swift */; };
		B49893422B56CFF800AE7659 /* AppDelegate.swift in Sources */ = {isa = PBXBuildFile; fileRef = B49893412B56CFF800AE7659 /* AppDelegate.swift */; };
		B49893442B56CFF800AE7659 /* SceneDelegate.swift in Sources */ = {isa = PBXBuildFile; fileRef = B49893432B56CFF800AE7659 /* SceneDelegate.swift */; };
		B49893462B56CFF800AE7659 /* ViewController.swift in Sources */ = {isa = PBXBuildFile; fileRef = B49893452B56CFF800AE7659 /* ViewController.swift */; };
		B49893492B56CFF800AE7659 /* Main.storyboard in Resources */ = {isa = PBXBuildFile; fileRef = B49893472B56CFF800AE7659 /* Main.storyboard */; };
		B498934B2B56CFFA00AE7659 /* Assets.xcassets in Resources */ = {isa = PBXBuildFile; fileRef = B498934A2B56CFFA00AE7659 /* Assets.xcassets */; };
		B498934E2B56CFFA00AE7659 /* LaunchScreen.storyboard in Resources */ = {isa = PBXBuildFile; fileRef = B498934C2B56CFFA00AE7659 /* LaunchScreen.storyboard */; };
		B4D2F1722B57D9FE00B2280C /* DocumentViewController.swift in Sources */ = {isa = PBXBuildFile; fileRef = B4D2F1712B57D9FE00B2280C /* DocumentViewController.swift */; };
		B4D2F1772B57E63400B2280C /* ryan-porter-LjEVyRiY3Y0-unsplash - Grande.jpeg in Resources */ = {isa = PBXBuildFile; fileRef = B4D2F1732B57E63400B2280C /* ryan-porter-LjEVyRiY3Y0-unsplash - Grande.jpeg */; };
		B4D2F1782B57E63400B2280C /* rob-schreckhise-8zdEgWg5JAA-unsplash - Grande.jpeg in Resources */ = {isa = PBXBuildFile; fileRef = B4D2F1742B57E63400B2280C /* rob-schreckhise-8zdEgWg5JAA-unsplash - Grande.jpeg */; };
		B4D2F1792B57E63400B2280C /* paolo-nicolello-hKVg7ldM5VU-unsplash - Grande.jpeg in Resources */ = {isa = PBXBuildFile; fileRef = B4D2F1752B57E63400B2280C /* paolo-nicolello-hKVg7ldM5VU-unsplash - Grande.jpeg */; };
		B4D2F17A2B57E63400B2280C /* jamie-haughton-Z05GiksmqYU-unsplash - Grande.jpeg in Resources */ = {isa = PBXBuildFile; fileRef = B4D2F1762B57E63400B2280C /* jamie-haughton-Z05GiksmqYU-unsplash - Grande.jpeg */; };
/* End PBXBuildFile section */

/* Begin PBXFileReference section */
		3BCCE4962B57B6E10000803B /* DocumentTableViewController.swift */ = {isa = PBXFileReference; lastKnownFileType = sourcecode.swift; path = DocumentTableViewController.swift; sourceTree = "<group>"; };
		B498933E2B56CFF800AE7659 /* Document App.app */ = {isa = PBXFileReference; explicitFileType = wrapper.application; includeInIndex = 0; path = "Document App.app"; sourceTree = BUILT_PRODUCTS_DIR; };
		B49893412B56CFF800AE7659 /* AppDelegate.swift */ = {isa = PBXFileReference; lastKnownFileType = sourcecode.swift; path = AppDelegate.swift; sourceTree = "<group>"; };
		B49893432B56CFF800AE7659 /* SceneDelegate.swift */ = {isa = PBXFileReference; lastKnownFileType = sourcecode.swift; path = SceneDelegate.swift; sourceTree = "<group>"; };
		B49893452B56CFF800AE7659 /* ViewController.swift */ = {isa = PBXFileReference; lastKnownFileType = sourcecode.swift; path = ViewController.swift; sourceTree = "<group>"; };
		B49893482B56CFF800AE7659 /* Base */ = {isa = PBXFileReference; lastKnownFileType = file.storyboard; name = Base; path = Base.lproj/Main.storyboard; sourceTree = "<group>"; };
		B498934A2B56CFFA00AE7659 /* Assets.xcassets */ = {isa = PBXFileReference; lastKnownFileType = folder.assetcatalog; path = Assets.xcassets; sourceTree = "<group>"; };
		B498934D2B56CFFA00AE7659 /* Base */ = {isa = PBXFileReference; lastKnownFileType = file.storyboard; name = Base; path = Base.lproj/LaunchScreen.storyboard; sourceTree = "<group>"; };
		B498934F2B56CFFA00AE7659 /* Info.plist */ = {isa = PBXFileReference; lastKnownFileType = text.plist.xml; path = Info.plist; sourceTree = "<group>"; };
		B4D2F1712B57D9FE00B2280C /* DocumentViewController.swift */ = {isa = PBXFileReference; lastKnownFileType = sourcecode.swift; path = DocumentViewController.swift; sourceTree = "<group>"; };
		B4D2F1732B57E63400B2280C /* ryan-porter-LjEVyRiY3Y0-unsplash - Grande.jpeg */ = {isa = PBXFileReference; lastKnownFileType = image.jpeg; path = "ryan-porter-LjEVyRiY3Y0-unsplash - Grande.jpeg"; sourceTree = "<group>"; };
		B4D2F1742B57E63400B2280C /* rob-schreckhise-8zdEgWg5JAA-unsplash - Grande.jpeg */ = {isa = PBXFileReference; lastKnownFileType = image.jpeg; path = "rob-schreckhise-8zdEgWg5JAA-unsplash - Grande.jpeg"; sourceTree = "<group>"; };
		B4D2F1752B57E63400B2280C /* paolo-nicolello-hKVg7ldM5VU-unsplash - Grande.jpeg */ = {isa = PBXFileReference; lastKnownFileType = image.jpeg; path = "paolo-nicolello-hKVg7ldM5VU-unsplash - Grande.jpeg"; sourceTree = "<group>"; };
		B4D2F1762B57E63400B2280C /* jamie-haughton-Z05GiksmqYU-unsplash - Grande.jpeg */ = {isa = PBXFileReference; lastKnownFileType = image.jpeg; path = "jamie-haughton-Z05GiksmqYU-unsplash - Grande.jpeg"; sourceTree = "<group>"; };
		B4D5C07C2B57BB73001E7687 /* Answers.md */ = {isa = PBXFileReference; lastKnownFileType = net.daringfireball.markdown; path = Answers.md; sourceTree = "<group>"; };
/* End PBXFileReference section */

/* Begin PBXFrameworksBuildPhase section */
		B498933B2B56CFF800AE7659 /* Frameworks */ = {
			isa = PBXFrameworksBuildPhase;
			buildActionMask = 2147483647;
			files = (
			);
			runOnlyForDeploymentPostprocessing = 0;
		};
/* End PBXFrameworksBuildPhase section */

/* Begin PBXGroup section */
		B49893352B56CFF800AE7659 = {
			isa = PBXGroup;
			children = (
				B49893402B56CFF800AE7659 /* Document App */,
				B498933F2B56CFF800AE7659 /* Products */,
			);
			sourceTree = "<group>";
		};
		B498933F2B56CFF800AE7659 /* Products */ = {
			isa = PBXGroup;
			children = (
				B498933E2B56CFF800AE7659 /* Document App.app */,
			);
			name = Products;
			sourceTree = "<group>";
		};
		B49893402B56CFF800AE7659 /* Document App */ = {
			isa = PBXGroup;
			children = (
				B49893412B56CFF800AE7659 /* AppDelegate.swift */,
				B49893432B56CFF800AE7659 /* SceneDelegate.swift */,
				B49893452B56CFF800AE7659 /* ViewController.swift */,
				B49893472B56CFF800AE7659 /* Main.storyboard */,
				3BCCE4962B57B6E10000803B /* DocumentTableViewController.swift */,
				B498934A2B56CFFA00AE7659 /* Assets.xcassets */,
				B498934C2B56CFFA00AE7659 /* LaunchScreen.storyboard */,
				B498934F2B56CFFA00AE7659 /* Info.plist */,
				B4D5C07C2B57BB73001E7687 /* Answers.md */,
				B4D2F1712B57D9FE00B2280C /* DocumentViewController.swift */,
				B4D2F1762B57E63400B2280C /* jamie-haughton-Z05GiksmqYU-unsplash - Grande.jpeg */,
				B4D2F1752B57E63400B2280C /* paolo-nicolello-hKVg7ldM5VU-unsplash - Grande.jpeg */,
				B4D2F1742B57E63400B2280C /* rob-schreckhise-8zdEgWg5JAA-unsplash - Grande.jpeg */,
				B4D2F1732B57E63400B2280C /* ryan-porter-LjEVyRiY3Y0-unsplash - Grande.jpeg */,
			);
			path = "Document App";
			sourceTree = "<group>";
		};
/* End PBXGroup section */

/* Begin PBXNativeTarget section */
		B498933D2B56CFF800AE7659 /* Document App */ = {
			isa = PBXNativeTarget;
			buildConfigurationList = B49893522B56CFFA00AE7659 /* Build configuration list for PBXNativeTarget "Document App" */;
			buildPhases = (
				B498933A2B56CFF800AE7659 /* Sources */,
				B498933B2B56CFF800AE7659 /* Frameworks */,
				B498933C2B56CFF800AE7659 /* Resources */,
			);
			buildRules = (
			);
			dependencies = (
			);
			name = "Document App";
			productName = "Document App";
			productReference = B498933E2B56CFF800AE7659 /* Document App.app */;
			productType = "com.apple.product-type.application";
		};
/* End PBXNativeTarget section */

/* Begin PBXProject section */
		B49893362B56CFF800AE7659 /* Project object */ = {
			isa = PBXProject;
			attributes = {
				BuildIndependentTargetsInParallel = 1;
				LastSwiftUpdateCheck = 1500;
				LastUpgradeCheck = 1500;
				TargetAttributes = {
					B498933D2B56CFF800AE7659 = {
						CreatedOnToolsVersion = 15.0.1;
					};
				};
			};
			buildConfigurationList = B49893392B56CFF800AE7659 /* Build configuration list for PBXProject "Document App" */;
			compatibilityVersion = "Xcode 14.0";
			developmentRegion = en;
			hasScannedForEncodings = 0;
			knownRegions = (
				en,
				Base,
			);
			mainGroup = B49893352B56CFF800AE7659;
			productRefGroup = B498933F2B56CFF800AE7659 /* Products */;
			projectDirPath = "";
			projectRoot = "";
			targets = (
				B498933D2B56CFF800AE7659 /* Document App */,
			);
		};
/* End PBXProject section */

/* Begin PBXResourcesBuildPhase section */
		B498933C2B56CFF800AE7659 /* Resources */ = {
			isa = PBXResourcesBuildPhase;
			buildActionMask = 2147483647;
			files = (
				B498934E2B56CFFA00AE7659 /* LaunchScreen.storyboard in Resources */,
				B4D2F1772B57E63400B2280C /* ryan-porter-LjEVyRiY3Y0-unsplash - Grande.jpeg in Resources */,
				B498934B2B56CFFA00AE7659 /* Assets.xcassets in Resources */,
				B4D2F1792B57E63400B2280C /* paolo-nicolello-hKVg7ldM5VU-unsplash - Grande.jpeg in Resources */,
				B49893492B56CFF800AE7659 /* Main.storyboard in Resources */,
				B4D2F1782B57E63400B2280C /* rob-schreckhise-8zdEgWg5JAA-unsplash - Grande.jpeg in Resources */,
				B4D2F17A2B57E63400B2280C /* jamie-haughton-Z05GiksmqYU-unsplash - Grande.jpeg in Resources */,
			);
			runOnlyForDeploymentPostprocessing = 0;
		};
/* End PBXResourcesBuildPhase section */

/* Begin PBXSourcesBuildPhase section */
		B498933A2B56CFF800AE7659 /* Sources */ = {
			isa = PBXSourcesBuildPhase;
			buildActionMask = 2147483647;
			files = (
				B4D2F1722B57D9FE00B2280C /* DocumentViewController.swift in Sources */,
				B49893462B56CFF800AE7659 /* ViewController.swift in Sources */,
				B49893422B56CFF800AE7659 /* AppDelegate.swift in Sources */,
				3BCCE4972B57B6E10000803B /* DocumentTableViewController.swift in Sources */,
				B49893442B56CFF800AE7659 /* SceneDelegate.swift in Sources */,
			);
			runOnlyForDeploymentPostprocessing = 0;
		};
/* End PBXSourcesBuildPhase section */

/* Begin PBXVariantGroup section */
		B49893472B56CFF800AE7659 /* Main.storyboard */ = {
			isa = PBXVariantGroup;
			children = (
				B49893482B56CFF800AE7659 /* Base */,
			);
			name = Main.storyboard;
			sourceTree = "<group>";
		};
		B498934C2B56CFFA00AE7659 /* LaunchScreen.storyboard */ = {
			isa = PBXVariantGroup;
			children = (
				B498934D2B56CFFA00AE7659 /* Base */,
			);
			name = LaunchScreen.storyboard;
			sourceTree = "<group>";
		};
/* End PBXVariantGroup section */

/* Begin XCBuildConfiguration section */
		B49893502B56CFFA00AE7659 /* Debug */ = {
			isa = XCBuildConfiguration;
			buildSettings = {
				ALWAYS_SEARCH_USER_PATHS = NO;
				ASSETCATALOG_COMPILER_GENERATE_SWIFT_ASSET_SYMBOL_EXTENSIONS = YES;
				CLANG_ANALYZER_NONNULL = YES;
				CLANG_ANALYZER_NUMBER_OBJECT_CONVERSION = YES_AGGRESSIVE;
				CLANG_CXX_LANGUAGE_STANDARD = "gnu++20";
				CLANG_ENABLE_MODULES = YES;
				CLANG_ENABLE_OBJC_ARC = YES;
				CLANG_ENABLE_OBJC_WEAK = YES;
				CLANG_WARN_BLOCK_CAPTURE_AUTORELEASING = YES;
				CLANG_WARN_BOOL_CONVERSION = YES;
				CLANG_WARN_COMMA = YES;
				CLANG_WARN_CONSTANT_CONVERSION = YES;
				CLANG_WARN_DEPRECATED_OBJC_IMPLEMENTATIONS = YES;
				CLANG_WARN_DIRECT_OBJC_ISA_USAGE = YES_ERROR;
				CLANG_WARN_DOCUMENTATION_COMMENTS = YES;
				CLANG_WARN_EMPTY_BODY = YES;
				CLANG_WARN_ENUM_CONVERSION = YES;
				CLANG_WARN_INFINITE_RECURSION = YES;
				CLANG_WARN_INT_CONVERSION = YES;
				CLANG_WARN_NON_LITERAL_NULL_CONVERSION = YES;
				CLANG_WARN_OBJC_IMPLICIT_RETAIN_SELF = YES;
				CLANG_WARN_OBJC_LITERAL_CONVERSION = YES;
				CLANG_WARN_OBJC_ROOT_CLASS = YES_ERROR;
				CLANG_WARN_QUOTED_INCLUDE_IN_FRAMEWORK_HEADER = YES;
				CLANG_WARN_RANGE_LOOP_ANALYSIS = YES;
				CLANG_WARN_STRICT_PROTOTYPES = YES;
				CLANG_WARN_SUSPICIOUS_MOVE = YES;
				CLANG_WARN_UNGUARDED_AVAILABILITY = YES_AGGRESSIVE;
				CLANG_WARN_UNREACHABLE_CODE = YES;
				CLANG_WARN__DUPLICATE_METHOD_MATCH = YES;
				COPY_PHASE_STRIP = NO;
				DEBUG_INFORMATION_FORMAT = dwarf;
				ENABLE_STRICT_OBJC_MSGSEND = YES;
				ENABLE_TESTABILITY = YES;
				ENABLE_USER_SCRIPT_SANDBOXING = YES;
				GCC_C_LANGUAGE_STANDARD = gnu17;
				GCC_DYNAMIC_NO_PIC = NO;
				GCC_NO_COMMON_BLOCKS = YES;
				GCC_OPTIMIZATION_LEVEL = 0;
				GCC_PREPROCESSOR_DEFINITIONS = (
					"DEBUG=1",
					"$(inherited)",
				);
				GCC_WARN_64_TO_32_BIT_CONVERSION = YES;
				GCC_WARN_ABOUT_RETURN_TYPE = YES_ERROR;
				GCC_WARN_UNDECLARED_SELECTOR = YES;
				GCC_WARN_UNINITIALIZED_AUTOS = YES_AGGRESSIVE;
				GCC_WARN_UNUSED_FUNCTION = YES;
				GCC_WARN_UNUSED_VARIABLE = YES;
				IPHONEOS_DEPLOYMENT_TARGET = 17.0;
				LOCALIZATION_PREFERS_STRING_CATALOGS = YES;
				MTL_ENABLE_DEBUG_INFO = INCLUDE_SOURCE;
				MTL_FAST_MATH = YES;
				ONLY_ACTIVE_ARCH = YES;
				SDKROOT = iphoneos;
				SWIFT_ACTIVE_COMPILATION_CONDITIONS = "DEBUG $(inherited)";
				SWIFT_OPTIMIZATION_LEVEL = "-Onone";
			};
			name = Debug;
		};
		B49893512B56CFFA00AE7659 /* Release */ = {
			isa = XCBuildConfiguration;
			buildSettings = {
				ALWAYS_SEARCH_USER_PATHS = NO;
				ASSETCATALOG_COMPILER_GENERATE_SWIFT_ASSET_SYMBOL_EXTENSIONS = YES;
				CLANG_ANALYZER_NONNULL = YES;
				CLANG_ANALYZER_NUMBER_OBJECT_CONVERSION = YES_AGGRESSIVE;
				CLANG_CXX_LANGUAGE_STANDARD = "gnu++20";
				CLANG_ENABLE_MODULES = YES;
				CLANG_ENABLE_OBJC_ARC = YES;
				CLANG_ENABLE_OBJC_WEAK = YES;
				CLANG_WARN_BLOCK_CAPTURE_AUTORELEASING = YES;
				CLANG_WARN_BOOL_CONVERSION = YES;
				CLANG_WARN_COMMA = YES;
				CLANG_WARN_CONSTANT_CONVERSION = YES;
				CLANG_WARN_DEPRECATED_OBJC_IMPLEMENTATIONS = YES;
				CLANG_WARN_DIRECT_OBJC_ISA_USAGE = YES_ERROR;
				CLANG_WARN_DOCUMENTATION_COMMENTS = YES;
				CLANG_WARN_EMPTY_BODY = YES;
				CLANG_WARN_ENUM_CONVERSION = YES;
				CLANG_WARN_INFINITE_RECURSION = YES;
				CLANG_WARN_INT_CONVERSION = YES;
				CLANG_WARN_NON_LITERAL_NULL_CONVERSION = YES;
				CLANG_WARN_OBJC_IMPLICIT_RETAIN_SELF = YES;
				CLANG_WARN_OBJC_LITERAL_CONVERSION = YES;
				CLANG_WARN_OBJC_ROOT_CLASS = YES_ERROR;
				CLANG_WARN_QUOTED_INCLUDE_IN_FRAMEWORK_HEADER = YES;
				CLANG_WARN_RANGE_LOOP_ANALYSIS = YES;
				CLANG_WARN_STRICT_PROTOTYPES = YES;
				CLANG_WARN_SUSPICIOUS_MOVE = YES;
				CLANG_WARN_UNGUARDED_AVAILABILITY = YES_AGGRESSIVE;
				CLANG_WARN_UNREACHABLE_CODE = YES;
				CLANG_WARN__DUPLICATE_METHOD_MATCH = YES;
				COPY_PHASE_STRIP = NO;
				DEBUG_INFORMATION_FORMAT = "dwarf-with-dsym";
				ENABLE_NS_ASSERTIONS = NO;
				ENABLE_STRICT_OBJC_MSGSEND = YES;
				ENABLE_USER_SCRIPT_SANDBOXING = YES;
				GCC_C_LANGUAGE_STANDARD = gnu17;
				GCC_NO_COMMON_BLOCKS = YES;
				GCC_WARN_64_TO_32_BIT_CONVERSION = YES;
				GCC_WARN_ABOUT_RETURN_TYPE = YES_ERROR;
				GCC_WARN_UNDECLARED_SELECTOR = YES;
				GCC_WARN_UNINITIALIZED_AUTOS = YES_AGGRESSIVE;
				GCC_WARN_UNUSED_FUNCTION = YES;
				GCC_WARN_UNUSED_VARIABLE = YES;
				IPHONEOS_DEPLOYMENT_TARGET = 17.0;
				LOCALIZATION_PREFERS_STRING_CATALOGS = YES;
				MTL_ENABLE_DEBUG_INFO = NO;
				MTL_FAST_MATH = YES;
				SDKROOT = iphoneos;
				SWIFT_COMPILATION_MODE = wholemodule;
				VALIDATE_PRODUCT = YES;
			};
			name = Release;
		};
		B49893532B56CFFA00AE7659 /* Debug */ = {
			isa = XCBuildConfiguration;
			buildSettings = {
				ASSETCATALOG_COMPILER_APPICON_NAME = AppIcon;
				ASSETCATALOG_COMPILER_GLOBAL_ACCENT_COLOR_NAME = AccentColor;
				CODE_SIGN_STYLE = Automatic;
				CURRENT_PROJECT_VERSION = 1;
				GENERATE_INFOPLIST_FILE = YES;
				INFOPLIST_FILE = "Document App/Info.plist";
				INFOPLIST_KEY_UIApplicationSupportsIndirectInputEvents = YES;
				INFOPLIST_KEY_UILaunchStoryboardName = LaunchScreen;
				INFOPLIST_KEY_UIMainStoryboardFile = Main;
				INFOPLIST_KEY_UISupportedInterfaceOrientations_iPad = "UIInterfaceOrientationPortrait UIInterfaceOrientationPortraitUpsideDown UIInterfaceOrientationLandscapeLeft UIInterfaceOrientationLandscapeRight";
				INFOPLIST_KEY_UISupportedInterfaceOrientations_iPhone = "UIInterfaceOrientationPortrait UIInterfaceOrientationLandscapeLeft UIInterfaceOrientationLandscapeRight";
				LD_RUNPATH_SEARCH_PATHS = (
					"$(inherited)",
					"@executable_path/Frameworks",
				);
				MARKETING_VERSION = 1.0;
				PRODUCT_BUNDLE_IDENTIFIER = "projetios.Document-App";
				PRODUCT_NAME = "$(TARGET_NAME)";
				SWIFT_EMIT_LOC_STRINGS = YES;
				SWIFT_VERSION = 5.0;
				TARGETED_DEVICE_FAMILY = "1,2";
			};
			name = Debug;
		};
		B49893542B56CFFA00AE7659 /* Release */ = {
			isa = XCBuildConfiguration;
			buildSettings = {
				ASSETCATALOG_COMPILER_APPICON_NAME = AppIcon;
				ASSETCATALOG_COMPILER_GLOBAL_ACCENT_COLOR_NAME = AccentColor;
				CODE_SIGN_STYLE = Automatic;
				CURRENT_PROJECT_VERSION = 1;
				GENERATE_INFOPLIST_FILE = YES;
				INFOPLIST_FILE = "Document App/Info.plist";
				INFOPLIST_KEY_UIApplicationSupportsIndirectInputEvents = YES;
				INFOPLIST_KEY_UILaunchStoryboardName = LaunchScreen;
				INFOPLIST_KEY_UIMainStoryboardFile = Main;
				INFOPLIST_KEY_UISupportedInterfaceOrientations_iPad = "UIInterfaceOrientationPortrait UIInterfaceOrientationPortraitUpsideDown UIInterfaceOrientationLandscapeLeft UIInterfaceOrientationLandscapeRight";
				INFOPLIST_KEY_UISupportedInterfaceOrientations_iPhone = "UIInterfaceOrientationPortrait UIInterfaceOrientationLandscapeLeft UIInterfaceOrientationLandscapeRight";
				LD_RUNPATH_SEARCH_PATHS = (
					"$(inherited)",
					"@executable_path/Frameworks",
				);
				MARKETING_VERSION = 1.0;
				PRODUCT_BUNDLE_IDENTIFIER = "projetios.Document-App";
				PRODUCT_NAME = "$(TARGET_NAME)";
				SWIFT_EMIT_LOC_STRINGS = YES;
				SWIFT_VERSION = 5.0;
				TARGETED_DEVICE_FAMILY = "1,2";
			};
			name = Release;
		};
/* End XCBuildConfiguration section */

/* Begin XCConfigurationList section */
		B49893392B56CFF800AE7659 /* Build configuration list for PBXProject "Document App" */ = {
			isa = XCConfigurationList;
			buildConfigurations = (
				B49893502B56CFFA00AE7659 /* Debug */,
				B49893512B56CFFA00AE7659 /* Release */,
			);
			defaultConfigurationIsVisible = 0;
			defaultConfigurationName = Release;
		};
		B49893522B56CFFA00AE7659 /* Build configuration list for PBXNativeTarget "Document App" */ = {
			isa = XCConfigurationList;
			buildConfigurations = (
				B49893532B56CFFA00AE7659 /* Debug */,
				B49893542B56CFFA00AE7659 /* Release */,
			);
			defaultConfigurationIsVisible = 0;
			defaultConfigurationName = Release;
		};
/* End XCConfigurationList section */
	};
	rootObject = B49893362B56CFF800AE7659 /* Project object */;
}
